{
  "name": "solidity-bytes-utils",
  "version": "0.8.2",
  "lockfileVersion": 2,
  "requires": true,
  "packages": {
    "": {
      "name": "solidity-bytes-utils",
      "version": "0.8.2",
      "license": "MIT",
      "dependencies": {
        "ds-test": "github:dapphub/ds-test",
        "forge-std": "^1.1.2"
      }
    },
    "node_modules/ds-test": {
      "version": "1.0.0",
      "resolved": "git+ssh://git@github.com/dapphub/ds-test.git#e282159d5170298eb2455a6c05280ab5a73a4ef0",
      "license": "GPL-3.0"
    },
    "node_modules/forge-std": {
      "version": "1.1.2",
      "resolved": "https://registry.npmjs.org/forge-std/-/forge-std-1.1.2.tgz",
      "integrity": "sha512-Wfb0iAS9PcfjMKtGpWQw9mXzJxrWD62kJCUqqLcyuI0+VRtJ3j20XembjF3kS20qELYdXft1vD/SPFVWVKMFOw=="
    }
  },
  "dependencies": {
    "ds-test": {
      "version": "git+ssh://git@github.com/dapphub/ds-test.git#e282159d5170298eb2455a6c05280ab5a73a4ef0",
      "from": "ds-test@github:dapphub/ds-test"
    },
    "forge-std": {
      "version": "1.1.2",
      "resolved": "https://registry.npmjs.org/forge-std/-/forge-std-1.1.2.tgz",
      "integrity": "sha512-Wfb0iAS9PcfjMKtGpWQw9mXzJxrWD62kJCUqqLcyuI0+VRtJ3j20XembjF3kS20qELYdXft1vD/SPFVWVKMFOw=="
    }
  }
}
